
Microsoft Visual Studio Solution File, Format Version 12.00
# Visual Studio Version 17
VisualStudioVersion = 17.2.32616.157
MinimumVisualStudioVersion = 10.0.40219.1
Project("{FAE04EC0-301F-11D3-BF4B-00C04F79EFBC}") = "SkatogskatAPI", "SkatogskatAPI\SkatogskatAPI.csproj", "{12A10F55-50B7-45FB-BCB1-7BAFC49534DC}"
EndProject
Global
	GlobalSection(SolutionConfigurationPlatforms) = preSolution
		Debug|Any CPU = Debug|Any CPU
		Release|Any CPU = Release|Any CPU
	EndGlobalSection
	GlobalSection(ProjectConfigurationPlatforms) = postSolution
		{12A10F55-50B7-45FB-BCB1-7BAFC49534DC}.Debug|Any CPU.ActiveCfg = Debug|Any CPU
		{12A10F55-50B7-45FB-BCB1-7BAFC49534DC}.Debug|Any CPU.Build.0 = Debug|Any CPU
		{12A10F55-50B7-45FB-BCB1-7BAFC49534DC}.Release|Any CPU.ActiveCfg = Release|Any CPU
		{12A10F55-50B7-45FB-BCB1-7BAFC49534DC}.Release|Any CPU.Build.0 = Release|Any CPU
	EndGlobalSection
	GlobalSection(SolutionProperties) = preSolution
		HideSolutionNode = FALSE
	EndGlobalSection
	GlobalSection(ExtensibilityGlobals) = postSolution
		SolutionGuid = {16099961-BDB1-4804-893D-D802081CCA2A}
	EndGlobalSection
EndGlobal
